
Microsoft Visual Studio Solution File, Format Version 12.00
# Visual Studio Version 16
VisualStudioVersion = 16.0.31702.278
MinimumVisualStudioVersion = 10.0.40219.1
Project("{2150E333-8FDC-42A3-9474-1A3956D46DE8}") = "src", "src", "{95A03E0A-396A-468E-B2BD-369901627931}"
	ProjectSection(SolutionItems) = preProject
		docker-compose.yaml = docker-compose.yaml
	EndProjectSection
EndProject
Project("{2150E333-8FDC-42A3-9474-1A3956D46DE8}") = "ApiGateways", "ApiGateways", "{0031A73B-3EEE-4A2D-B66C-F3D0C6B724B9}"
EndProject
Project("{2150E333-8FDC-42A3-9474-1A3956D46DE8}") = "Web.Bff.Framebook", "Web.Bff.Framebook", "{53C6809C-63FD-48C0-8553-D8BC605AADED}"
EndProject
Project("{2150E333-8FDC-42A3-9474-1A3956D46DE8}") = "Mobile.Bff.Framebook", "Mobile.Bff.Framebook", "{A06F4494-30ED-41C7-A1CC-7FBC0C2175C3}"
EndProject
Project("{2150E333-8FDC-42A3-9474-1A3956D46DE8}") = "Services", "Services", "{124AE427-1421-48B1-A963-2E0F105CA9CB}"
EndProject
Project("{2150E333-8FDC-42A3-9474-1A3956D46DE8}") = "1.0 - Presentation", "1.0 - Presentation", "{AE5E3EC0-490F-417B-A030-25A5E81AE2CD}"
EndProject
Project("{2150E333-8FDC-42A3-9474-1A3956D46DE8}") = "3.0 - Domain", "3.0 - Domain", "{BABC2B61-6B6C-47AE-A54B-523B0C123630}"
EndProject
Project("{2150E333-8FDC-42A3-9474-1A3956D46DE8}") = "4.0 - Infrastructure", "4.0 - Infrastructure", "{5EDA22F0-BFBF-4006-BD38-05B597AA62ED}"
EndProject
Project("{9A19103F-16F7-4668-BE54-9A1E7A4F7556}") = "FrameBook.Domain", "FrwkBootCamp.Domain\FrameBook.Domain.csproj", "{96670560-773D-4E06-972F-39F71A00F27B}"
EndProject
Project("{2150E333-8FDC-42A3-9474-1A3956D46DE8}") = "4.1 - Data", "4.1 - Data", "{C3534021-2F92-4336-BFC8-91F0C74FE28B}"
EndProject
Project("{2150E333-8FDC-42A3-9474-1A3956D46DE8}") = "4.2 - CrossCutting", "4.2 - CrossCutting", "{DF408DFF-320B-4088-A5FA-1F2A4D5809C2}"
EndProject
Project("{9A19103F-16F7-4668-BE54-9A1E7A4F7556}") = "FrameBook.Infra.Data", "FrwkBootCamp.Infra.Data\FrameBook.Infra.Data.csproj", "{669E5367-9F59-4F37-9B7C-4FD6FDBFAE52}"
EndProject
Project("{2150E333-8FDC-42A3-9474-1A3956D46DE8}") = "2.0 - Business", "2.0 - Business", "{8D4C96A5-D476-4367-9619-9F7FD522D57C}"
EndProject
Project("{9A19103F-16F7-4668-BE54-9A1E7A4F7556}") = "FrameBook.Business", "FrwkBootCamp.Application\FrameBook.Business.csproj", "{E40B2F23-B292-4892-A9E2-4D0CDA709CF4}"
EndProject
Project("{9A19103F-16F7-4668-BE54-9A1E7A4F7556}") = "FrameBook.Infra.Repository", "FrwkBootCamp.Infra.Repository\FrameBook.Infra.Repository.csproj", "{7549F02D-82EF-404A-B9FB-015356C49445}"
EndProject
Project("{9A19103F-16F7-4668-BE54-9A1E7A4F7556}") = "FrameBook.Infra.CrossCutting.Adapter", "FrwBootCamp.Infra.CrossCutting.Adapter\FrameBook.Infra.CrossCutting.Adapter.csproj", "{5E9B4EB9-89FD-4E3E-AA8F-76FEE76A0BAD}"
EndProject
Project("{9A19103F-16F7-4668-BE54-9A1E7A4F7556}") = "FrameBook.Infra.CrossCutting.IOC", "FrwBootCamp.Infra.CrossCutting.IOC\FrameBook.Infra.CrossCutting.IOC.csproj", "{DC7464F4-C759-4F96-AD16-1CDAE3C47889}"
EndProject
Project("{9A19103F-16F7-4668-BE54-9A1E7A4F7556}") = "FrameBook.Business.DTO", "FrwkBootCamp.Application.DTO\FrameBook.Business.DTO.csproj", "{5358C603-5E37-485E-82E1-9775F454FF65}"
EndProject
Project("{9A19103F-16F7-4668-BE54-9A1E7A4F7556}") = "FrameBook.ProfissionalAPI", "FrwkBootCamp.PessoaAPI\FrameBook.ProfissionalAPI.csproj", "{065696D4-059C-4FF1-8BA3-7595C154AC83}"
EndProject
Project("{9A19103F-16F7-4668-BE54-9A1E7A4F7556}") = "Web.FrameBook.HttpAggregator", "Web.FrameBook.HttpAggregator\Web.FrameBook.HttpAggregator.csproj", "{9A6ACDAD-9FC1-4EBA-939E-58CE7FCAFDB6}"
EndProject
Project("{9A19103F-16F7-4668-BE54-9A1E7A4F7556}") = "FrameBook.StackAPI", "FrameBook.StackAPI\FrameBook.StackAPI.csproj", "{E298B6B1-FDC3-4936-B777-A31FBDB9CA03}"
EndProject
Project("{2150E333-8FDC-42A3-9474-1A3956D46DE8}") = "5.0 - Authentication", "5.0 - Authentication", "{FDC1ACF5-CB99-412B-B4A4-8B05F88B567A}"
EndProject
Project("{9A19103F-16F7-4668-BE54-9A1E7A4F7556}") = "FrameBook.Authentication", "FrameBook.Authentication\FrameBook.Authentication.csproj", "{770ADD3B-17F2-4287-9D58-EDDDA00A013B}"
EndProject
Global
	GlobalSection(SolutionConfigurationPlatforms) = preSolution
		Debug|Any CPU = Debug|Any CPU
		Release|Any CPU = Release|Any CPU
	EndGlobalSection
	GlobalSection(ProjectConfigurationPlatforms) = postSolution
		{96670560-773D-4E06-972F-39F71A00F27B}.Debug|Any CPU.ActiveCfg = Debug|Any CPU
		{96670560-773D-4E06-972F-39F71A00F27B}.Debug|Any CPU.Build.0 = Debug|Any CPU
		{96670560-773D-4E06-972F-39F71A00F27B}.Release|Any CPU.ActiveCfg = Release|Any CPU
		{96670560-773D-4E06-972F-39F71A00F27B}.Release|Any CPU.Build.0 = Release|Any CPU
		{669E5367-9F59-4F37-9B7C-4FD6FDBFAE52}.Debug|Any CPU.ActiveCfg = Debug|Any CPU
		{669E5367-9F59-4F37-9B7C-4FD6FDBFAE52}.Debug|Any CPU.Build.0 = Debug|Any CPU
		{669E5367-9F59-4F37-9B7C-4FD6FDBFAE52}.Release|Any CPU.ActiveCfg = Release|Any CPU
		{669E5367-9F59-4F37-9B7C-4FD6FDBFAE52}.Release|Any CPU.Build.0 = Release|Any CPU
		{E40B2F23-B292-4892-A9E2-4D0CDA709CF4}.Debug|Any CPU.ActiveCfg = Debug|Any CPU
		{E40B2F23-B292-4892-A9E2-4D0CDA709CF4}.Debug|Any CPU.Build.0 = Debug|Any CPU
		{E40B2F23-B292-4892-A9E2-4D0CDA709CF4}.Release|Any CPU.ActiveCfg = Release|Any CPU
		{E40B2F23-B292-4892-A9E2-4D0CDA709CF4}.Release|Any CPU.Build.0 = Release|Any CPU
		{7549F02D-82EF-404A-B9FB-015356C49445}.Debug|Any CPU.ActiveCfg = Debug|Any CPU
		{7549F02D-82EF-404A-B9FB-015356C49445}.Debug|Any CPU.Build.0 = Debug|Any CPU
		{7549F02D-82EF-404A-B9FB-015356C49445}.Release|Any CPU.ActiveCfg = Release|Any CPU
		{7549F02D-82EF-404A-B9FB-015356C49445}.Release|Any CPU.Build.0 = Release|Any CPU
		{5E9B4EB9-89FD-4E3E-AA8F-76FEE76A0BAD}.Debug|Any CPU.ActiveCfg = Debug|Any CPU
		{5E9B4EB9-89FD-4E3E-AA8F-76FEE76A0BAD}.Debug|Any CPU.Build.0 = Debug|Any CPU
		{5E9B4EB9-89FD-4E3E-AA8F-76FEE76A0BAD}.Release|Any CPU.ActiveCfg = Release|Any CPU
		{5E9B4EB9-89FD-4E3E-AA8F-76FEE76A0BAD}.Release|Any CPU.Build.0 = Release|Any CPU
		{DC7464F4-C759-4F96-AD16-1CDAE3C47889}.Debug|Any CPU.ActiveCfg = Debug|Any CPU
		{DC7464F4-C759-4F96-AD16-1CDAE3C47889}.Debug|Any CPU.Build.0 = Debug|Any CPU
		{DC7464F4-C759-4F96-AD16-1CDAE3C47889}.Release|Any CPU.ActiveCfg = Release|Any CPU
		{DC7464F4-C759-4F96-AD16-1CDAE3C47889}.Release|Any CPU.Build.0 = Release|Any CPU
		{5358C603-5E37-485E-82E1-9775F454FF65}.Debug|Any CPU.ActiveCfg = Debug|Any CPU
		{5358C603-5E37-485E-82E1-9775F454FF65}.Debug|Any CPU.Build.0 = Debug|Any CPU
		{5358C603-5E37-485E-82E1-9775F454FF65}.Release|Any CPU.ActiveCfg = Release|Any CPU
		{5358C603-5E37-485E-82E1-9775F454FF65}.Release|Any CPU.Build.0 = Release|Any CPU
		{065696D4-059C-4FF1-8BA3-7595C154AC83}.Debug|Any CPU.ActiveCfg = Debug|Any CPU
		{065696D4-059C-4FF1-8BA3-7595C154AC83}.Debug|Any CPU.Build.0 = Debug|Any CPU
		{065696D4-059C-4FF1-8BA3-7595C154AC83}.Release|Any CPU.ActiveCfg = Release|Any CPU
		{065696D4-059C-4FF1-8BA3-7595C154AC83}.Release|Any CPU.Build.0 = Release|Any CPU
		{9A6ACDAD-9FC1-4EBA-939E-58CE7FCAFDB6}.Debug|Any CPU.ActiveCfg = Debug|Any CPU
		{9A6ACDAD-9FC1-4EBA-939E-58CE7FCAFDB6}.Debug|Any CPU.Build.0 = Debug|Any CPU
		{9A6ACDAD-9FC1-4EBA-939E-58CE7FCAFDB6}.Release|Any CPU.ActiveCfg = Release|Any CPU
		{9A6ACDAD-9FC1-4EBA-939E-58CE7FCAFDB6}.Release|Any CPU.Build.0 = Release|Any CPU
		{E298B6B1-FDC3-4936-B777-A31FBDB9CA03}.Debug|Any CPU.ActiveCfg = Debug|Any CPU
		{E298B6B1-FDC3-4936-B777-A31FBDB9CA03}.Debug|Any CPU.Build.0 = Debug|Any CPU
		{E298B6B1-FDC3-4936-B777-A31FBDB9CA03}.Release|Any CPU.ActiveCfg = Release|Any CPU
		{E298B6B1-FDC3-4936-B777-A31FBDB9CA03}.Release|Any CPU.Build.0 = Release|Any CPU
		{770ADD3B-17F2-4287-9D58-EDDDA00A013B}.Debug|Any CPU.ActiveCfg = Debug|Any CPU
		{770ADD3B-17F2-4287-9D58-EDDDA00A013B}.Debug|Any CPU.Build.0 = Debug|Any CPU
		{770ADD3B-17F2-4287-9D58-EDDDA00A013B}.Release|Any CPU.ActiveCfg = Release|Any CPU
		{770ADD3B-17F2-4287-9D58-EDDDA00A013B}.Release|Any CPU.Build.0 = Release|Any CPU
	EndGlobalSection
	GlobalSection(SolutionProperties) = preSolution
		HideSolutionNode = FALSE
	EndGlobalSection
	GlobalSection(NestedProjects) = preSolution
		{0031A73B-3EEE-4A2D-B66C-F3D0C6B724B9} = {95A03E0A-396A-468E-B2BD-369901627931}
		{53C6809C-63FD-48C0-8553-D8BC605AADED} = {0031A73B-3EEE-4A2D-B66C-F3D0C6B724B9}
		{A06F4494-30ED-41C7-A1CC-7FBC0C2175C3} = {0031A73B-3EEE-4A2D-B66C-F3D0C6B724B9}
		{124AE427-1421-48B1-A963-2E0F105CA9CB} = {95A03E0A-396A-468E-B2BD-369901627931}
		{AE5E3EC0-490F-417B-A030-25A5E81AE2CD} = {124AE427-1421-48B1-A963-2E0F105CA9CB}
		{BABC2B61-6B6C-47AE-A54B-523B0C123630} = {124AE427-1421-48B1-A963-2E0F105CA9CB}
		{5EDA22F0-BFBF-4006-BD38-05B597AA62ED} = {124AE427-1421-48B1-A963-2E0F105CA9CB}
		{96670560-773D-4E06-972F-39F71A00F27B} = {BABC2B61-6B6C-47AE-A54B-523B0C123630}
		{C3534021-2F92-4336-BFC8-91F0C74FE28B} = {5EDA22F0-BFBF-4006-BD38-05B597AA62ED}
		{DF408DFF-320B-4088-A5FA-1F2A4D5809C2} = {5EDA22F0-BFBF-4006-BD38-05B597AA62ED}
		{669E5367-9F59-4F37-9B7C-4FD6FDBFAE52} = {C3534021-2F92-4336-BFC8-91F0C74FE28B}
		{8D4C96A5-D476-4367-9619-9F7FD522D57C} = {124AE427-1421-48B1-A963-2E0F105CA9CB}
		{E40B2F23-B292-4892-A9E2-4D0CDA709CF4} = {8D4C96A5-D476-4367-9619-9F7FD522D57C}
		{7549F02D-82EF-404A-B9FB-015356C49445} = {C3534021-2F92-4336-BFC8-91F0C74FE28B}
		{5E9B4EB9-89FD-4E3E-AA8F-76FEE76A0BAD} = {DF408DFF-320B-4088-A5FA-1F2A4D5809C2}
		{DC7464F4-C759-4F96-AD16-1CDAE3C47889} = {DF408DFF-320B-4088-A5FA-1F2A4D5809C2}
		{5358C603-5E37-485E-82E1-9775F454FF65} = {8D4C96A5-D476-4367-9619-9F7FD522D57C}
		{065696D4-059C-4FF1-8BA3-7595C154AC83} = {AE5E3EC0-490F-417B-A030-25A5E81AE2CD}
		{9A6ACDAD-9FC1-4EBA-939E-58CE7FCAFDB6} = {53C6809C-63FD-48C0-8553-D8BC605AADED}
		{E298B6B1-FDC3-4936-B777-A31FBDB9CA03} = {AE5E3EC0-490F-417B-A030-25A5E81AE2CD}
		{FDC1ACF5-CB99-412B-B4A4-8B05F88B567A} = {124AE427-1421-48B1-A963-2E0F105CA9CB}
		{770ADD3B-17F2-4287-9D58-EDDDA00A013B} = {FDC1ACF5-CB99-412B-B4A4-8B05F88B567A}
	EndGlobalSection
	GlobalSection(ExtensibilityGlobals) = postSolution
		SolutionGuid = {C853F97B-D0C8-44AA-AB60-EE8CEDBDF78C}
	EndGlobalSection
EndGlobal
